// !$*UTF8*$!
{
 archiveVersion = 1;
 classes = {};
 objectVersion = 56;
 objects = {
  A10000000000000000000001 = {isa = PBXBuildFile; fileRef = A10000000000000000000002; };
  A10000000000000000000002 = {isa = PBXFileReference; lastKnownFileType = sourcecode.swift; path = ConvertIOSApp.swift; sourceTree = "<group>"; };
  A10000000000000000000003 = {isa = PBXFileReference; explicitFileType = wrapper.application; path = Convert.app; sourceTree = BUILT_PRODUCTS_DIR; };
  A10000000000000000000004 = {isa = PBXGroup; children = (A10000000000000000000002, A10000000000000000000005,); sourceTree = "<group>"; };
  A10000000000000000000005 = {isa = PBXGroup; children = (A10000000000000000000003,); name = Products; sourceTree = "<group>"; };
  A10000000000000000000006 = {isa = PBXNativeTarget; buildConfigurationList = A1000000000000000000000A; buildPhases = (A10000000000000000000007,A10000000000000000000008,); buildRules = (); dependencies = (); name = Convert; productName = Convert; productReference = A10000000000000000000003; productType = "com.apple.product-type.application"; };
  A10000000000000000000007 = {isa = PBXSourcesBuildPhase; buildActionMask = 2147483647; files = (A10000000000000000000001,); runOnlyForDeploymentPostprocessing = 0; };
  A10000000000000000000008 = {isa = PBXFrameworksBuildPhase; buildActionMask = 2147483647; files = (); runOnlyForDeploymentPostprocessing = 0; };
  A10000000000000000000009 = {isa = PBXProject; attributes = {BuildIndependentTargetsInParallel = YES; LastUpgradeCheck = 2700; TargetAttributes = {A10000000000000000000006 = {ProvisioningStyle = Automatic; }; }; }; buildConfigurationList = A1000000000000000000000B; compatibilityVersion = "Xcode 14.0"; developmentRegion = tr; hasScannedForEncodings = 0; knownRegions = (tr,en,Base,); mainGroup = A10000000000000000000004; productRefGroup = A10000000000000000000005; projectDirPath = ""; projectRoot = ""; targets = (A10000000000000000000006,); };
  A1000000000000000000000A = {isa = XCConfigurationList; buildConfigurations = (A1000000000000000000000C,A1000000000000000000000D,); defaultConfigurationIsVisible = 0; defaultConfigurationName = Release; };
  A1000000000000000000000B = {isa = XCConfigurationList; buildConfigurations = (A1000000000000000000000E,A1000000000000000000000F,); defaultConfigurationIsVisible = 0; defaultConfigurationName = Release; };
  A1000000000000000000000C = {isa = XCBuildConfiguration; buildSettings = {ASSETCATALOG_COMPILER_GENERATE_SWIFT_ASSET_SYMBOL_EXTENSIONS = YES; CODE_SIGN_STYLE = Automatic; CURRENT_PROJECT_VERSION = 1; GENERATE_INFOPLIST_FILE = YES; INFOPLIST_KEY_CFBundleDisplayName = Convert; INFOPLIST_KEY_LSSupportsOpeningDocumentsInPlace = YES; INFOPLIST_KEY_UIFileSharingEnabled = YES; IPHONEOS_DEPLOYMENT_TARGET = 17.0; MARKETING_VERSION = 0.5.0; PRODUCT_BUNDLE_IDENTIFIER = com.convertapp.offline.ios; PRODUCT_NAME = Convert; SDKROOT = iphoneos; SUPPORTED_PLATFORMS = "iphoneos iphonesimulator"; SWIFT_VERSION = 5.0; TARGETED_DEVICE_FAMILY = 1; }; name = Debug; };
  A1000000000000000000000D = {isa = XCBuildConfiguration; buildSettings = {ASSETCATALOG_COMPILER_GENERATE_SWIFT_ASSET_SYMBOL_EXTENSIONS = YES; CODE_SIGN_STYLE = Automatic; CURRENT_PROJECT_VERSION = 1; GENERATE_INFOPLIST_FILE = YES; INFOPLIST_KEY_CFBundleDisplayName = Convert; INFOPLIST_KEY_LSSupportsOpeningDocumentsInPlace = YES; INFOPLIST_KEY_UIFileSharingEnabled = YES; IPHONEOS_DEPLOYMENT_TARGET = 17.0; MARKETING_VERSION = 0.5.0; PRODUCT_BUNDLE_IDENTIFIER = com.convertapp.offline.ios; PRODUCT_NAME = Convert; SDKROOT = iphoneos; SUPPORTED_PLATFORMS = "iphoneos iphonesimulator"; SWIFT_VERSION = 5.0; TARGETED_DEVICE_FAMILY = 1; }; name = Release; };
  A1000000000000000000000E = {isa = XCBuildConfiguration; buildSettings = {ALWAYS_SEARCH_USER_PATHS = NO; CLANG_ENABLE_MODULES = YES; CODE_SIGN_STYLE = Automatic; IPHONEOS_DEPLOYMENT_TARGET = 17.0; SDKROOT = iphoneos; SWIFT_VERSION = 5.0; }; name = Debug; };
  A1000000000000000000000F = {isa = XCBuildConfiguration; buildSettings = {ALWAYS_SEARCH_USER_PATHS = NO; CLANG_ENABLE_MODULES = YES; CODE_SIGN_STYLE = Automatic; IPHONEOS_DEPLOYMENT_TARGET = 17.0; SDKROOT = iphoneos; SWIFT_VERSION = 5.0; }; name = Release; };
 };
 rootObject = A10000000000000000000009;
}
